// !$*UTF8*$!
{
	archiveVersion = 1;
	classes = {
	};
	objectVersion = 50;
	objects = {

/* Begin PBXBuildFile section */
		556EF5A024FEE6EC0056CFCE /* AppDelegate.swift in Sources */ = {isa = PBXBuildFile; fileRef = 556EF59F24FEE6EC0056CFCE /* AppDelegate.swift */; };
		556EF5A224FEE6EC0056CFCE /* SceneDelegate.swift in Sources */ = {isa = PBXBuildFile; fileRef = 556EF5A124FEE6EC0056CFCE /* SceneDelegate.swift */; };
		556EF5A924FEE6EC0056CFCE /* Assets.xcassets in Resources */ = {isa = PBXBuildFile; fileRef = 556EF5A824FEE6EC0056CFCE /* Assets.xcassets */; };
		556EF5AC24FEE6EC0056CFCE /* LaunchScreen.storyboard in Resources */ = {isa = PBXBuildFile; fileRef = 556EF5AA24FEE6EC0056CFCE /* LaunchScreen.storyboard */; };
		556EF5B724FEE6ED0056CFCE /* horse_racerTests.swift in Sources */ = {isa = PBXBuildFile; fileRef = 556EF5B624FEE6ED0056CFCE /* horse_racerTests.swift */; };
		557320F725001E560012B2B0 /* Coordinator.swift in Sources */ = {isa = PBXBuildFile; fileRef = 557320F625001E560012B2B0 /* Coordinator.swift */; };
		557320F9250022D90012B2B0 /* MainViewController.swift in Sources */ = {isa = PBXBuildFile; fileRef = 557320F8250022D90012B2B0 /* MainViewController.swift */; };
		557320FB250022EA0012B2B0 /* MainCoordinator.swift in Sources */ = {isa = PBXBuildFile; fileRef = 557320FA250022EA0012B2B0 /* MainCoordinator.swift */; };
		55732100250033A90012B2B0 /* RaceListCoordinator.swift in Sources */ = {isa = PBXBuildFile; fileRef = 557320FF250033A90012B2B0 /* RaceListCoordinator.swift */; };
		55732102250035130012B2B0 /* RaceListViewController.swift in Sources */ = {isa = PBXBuildFile; fileRef = 55732101250035130012B2B0 /* RaceListViewController.swift */; };
		5573210425003AB40012B2B0 /* UIView+Extension.swift in Sources */ = {isa = PBXBuildFile; fileRef = 5573210325003AB40012B2B0 /* UIView+Extension.swift */; };
		5573210925003ED00012B2B0 /* MainCoordinatorTests.swift in Sources */ = {isa = PBXBuildFile; fileRef = 5573210825003ED00012B2B0 /* MainCoordinatorTests.swift */; };
		5573210B25003FF40012B2B0 /* RaceListCoordinatorTests.swift in Sources */ = {isa = PBXBuildFile; fileRef = 5573210A25003FF40012B2B0 /* RaceListCoordinatorTests.swift */; };
/* End PBXBuildFile section */

/* Begin PBXContainerItemProxy section */
		556EF5B324FEE6ED0056CFCE /* PBXContainerItemProxy */ = {
			isa = PBXContainerItemProxy;
			containerPortal = 556EF59424FEE6EC0056CFCE /* Project object */;
			proxyType = 1;
			remoteGlobalIDString = 556EF59B24FEE6EC0056CFCE;
			remoteInfo = "horse-racer";
		};
/* End PBXContainerItemProxy section */

/* Begin PBXFileReference section */
		556EF59C24FEE6EC0056CFCE /* horse-racer.app */ = {isa = PBXFileReference; explicitFileType = wrapper.application; includeInIndex = 0; path = "horse-racer.app"; sourceTree = BUILT_PRODUCTS_DIR; };
		556EF59F24FEE6EC0056CFCE /* AppDelegate.swift */ = {isa = PBXFileReference; lastKnownFileType = sourcecode.swift; path = AppDelegate.swift; sourceTree = "<group>"; };
		556EF5A124FEE6EC0056CFCE /* SceneDelegate.swift */ = {isa = PBXFileReference; lastKnownFileType = sourcecode.swift; path = SceneDelegate.swift; sourceTree = "<group>"; };
		556EF5A824FEE6EC0056CFCE /* Assets.xcassets */ = {isa = PBXFileReference; lastKnownFileType = folder.assetcatalog; path = Assets.xcassets; sourceTree = "<group>"; };
		556EF5AB24FEE6EC0056CFCE /* Base */ = {isa = PBXFileReference; lastKnownFileType = file.storyboard; name = Base; path = Base.lproj/LaunchScreen.storyboard; sourceTree = "<group>"; };
		556EF5AD24FEE6EC0056CFCE /* Info.plist */ = {isa = PBXFileReference; lastKnownFileType = text.plist.xml; path = Info.plist; sourceTree = "<group>"; };
		556EF5B224FEE6ED0056CFCE /* horse-racerTests.xctest */ = {isa = PBXFileReference; explicitFileType = wrapper.cfbundle; includeInIndex = 0; path = "horse-racerTests.xctest"; sourceTree = BUILT_PRODUCTS_DIR; };
		556EF5B624FEE6ED0056CFCE /* horse_racerTests.swift */ = {isa = PBXFileReference; lastKnownFileType = sourcecode.swift; path = horse_racerTests.swift; sourceTree = "<group>"; };
		556EF5B824FEE6ED0056CFCE /* Info.plist */ = {isa = PBXFileReference; lastKnownFileType = text.plist.xml; path = Info.plist; sourceTree = "<group>"; };
		557320F625001E560012B2B0 /* Coordinator.swift */ = {isa = PBXFileReference; lastKnownFileType = sourcecode.swift; path = Coordinator.swift; sourceTree = "<group>"; };
		557320F8250022D90012B2B0 /* MainViewController.swift */ = {isa = PBXFileReference; lastKnownFileType = sourcecode.swift; path = MainViewController.swift; sourceTree = "<group>"; };
		557320FA250022EA0012B2B0 /* MainCoordinator.swift */ = {isa = PBXFileReference; lastKnownFileType = sourcecode.swift; path = MainCoordinator.swift; sourceTree = "<group>"; };
		557320FF250033A90012B2B0 /* RaceListCoordinator.swift */ = {isa = PBXFileReference; lastKnownFileType = sourcecode.swift; path = RaceListCoordinator.swift; sourceTree = "<group>"; };
		55732101250035130012B2B0 /* RaceListViewController.swift */ = {isa = PBXFileReference; lastKnownFileType = sourcecode.swift; path = RaceListViewController.swift; sourceTree = "<group>"; };
		5573210325003AB40012B2B0 /* UIView+Extension.swift */ = {isa = PBXFileReference; lastKnownFileType = sourcecode.swift; path = "UIView+Extension.swift"; sourceTree = "<group>"; };
		5573210825003ED00012B2B0 /* MainCoordinatorTests.swift */ = {isa = PBXFileReference; lastKnownFileType = sourcecode.swift; path = MainCoordinatorTests.swift; sourceTree = "<group>"; };
		5573210A25003FF40012B2B0 /* RaceListCoordinatorTests.swift */ = {isa = PBXFileReference; lastKnownFileType = sourcecode.swift; path = RaceListCoordinatorTests.swift; sourceTree = "<group>"; };
/* End PBXFileReference section */

/* Begin PBXFrameworksBuildPhase section */
		556EF59924FEE6EC0056CFCE /* Frameworks */ = {
			isa = PBXFrameworksBuildPhase;
			buildActionMask = 2147483647;
			files = (
			);
			runOnlyForDeploymentPostprocessing = 0;
		};
		556EF5AF24FEE6ED0056CFCE /* Frameworks */ = {
			isa = PBXFrameworksBuildPhase;
			buildActionMask = 2147483647;
			files = (
			);
			runOnlyForDeploymentPostprocessing = 0;
		};
/* End PBXFrameworksBuildPhase section */

/* Begin PBXGroup section */
		556EF59324FEE6EC0056CFCE = {
			isa = PBXGroup;
			children = (
				556EF59E24FEE6EC0056CFCE /* horse-racer */,
				556EF5B524FEE6ED0056CFCE /* horse-racerTests */,
				556EF59D24FEE6EC0056CFCE /* Products */,
			);
			sourceTree = "<group>";
		};
		556EF59D24FEE6EC0056CFCE /* Products */ = {
			isa = PBXGroup;
			children = (
				556EF59C24FEE6EC0056CFCE /* horse-racer.app */,
				556EF5B224FEE6ED0056CFCE /* horse-racerTests.xctest */,
			);
			name = Products;
			sourceTree = "<group>";
		};
		556EF59E24FEE6EC0056CFCE /* horse-racer */ = {
			isa = PBXGroup;
			children = (
				5573210725003E500012B2B0 /* Main */,
				557320FE250032C80012B2B0 /* Races */,
				556EF59F24FEE6EC0056CFCE /* AppDelegate.swift */,
				556EF5A124FEE6EC0056CFCE /* SceneDelegate.swift */,
				556EF5A824FEE6EC0056CFCE /* Assets.xcassets */,
				556EF5AA24FEE6EC0056CFCE /* LaunchScreen.storyboard */,
				556EF5AD24FEE6EC0056CFCE /* Info.plist */,
				557320F625001E560012B2B0 /* Coordinator.swift */,
				5573210525003CDF0012B2B0 /* Extensions */,
			);
			path = "horse-racer";
			sourceTree = "<group>";
		};
		556EF5B524FEE6ED0056CFCE /* horse-racerTests */ = {
			isa = PBXGroup;
			children = (
				556EF5B624FEE6ED0056CFCE /* horse_racerTests.swift */,
				556EF5B824FEE6ED0056CFCE /* Info.plist */,
				5573210825003ED00012B2B0 /* MainCoordinatorTests.swift */,
				5573210A25003FF40012B2B0 /* RaceListCoordinatorTests.swift */,
			);
			path = "horse-racerTests";
			sourceTree = "<group>";
		};
		557320FE250032C80012B2B0 /* Races */ = {
			isa = PBXGroup;
			children = (
				557320FF250033A90012B2B0 /* RaceListCoordinator.swift */,
				55732101250035130012B2B0 /* RaceListViewController.swift */,
			);
			path = Races;
			sourceTree = "<group>";
		};
		5573210525003CDF0012B2B0 /* Extensions */ = {
			isa = PBXGroup;
			children = (
				5573210325003AB40012B2B0 /* UIView+Extension.swift */,
			);
			path = Extensions;
			sourceTree = "<group>";
		};
		5573210725003E500012B2B0 /* Main */ = {
			isa = PBXGroup;
			children = (
				557320FA250022EA0012B2B0 /* MainCoordinator.swift */,
				557320F8250022D90012B2B0 /* MainViewController.swift */,
			);
			path = Main;
			sourceTree = "<group>";
		};
/* End PBXGroup section */

/* Begin PBXNativeTarget section */
		556EF59B24FEE6EC0056CFCE /* horse-racer */ = {
			isa = PBXNativeTarget;
			buildConfigurationList = 556EF5BB24FEE6ED0056CFCE /* Build configuration list for PBXNativeTarget "horse-racer" */;
			buildPhases = (
				556EF59824FEE6EC0056CFCE /* Sources */,
				556EF59924FEE6EC0056CFCE /* Frameworks */,
				556EF59A24FEE6EC0056CFCE /* Resources */,
			);
			buildRules = (
			);
			dependencies = (
			);
			name = "horse-racer";
			productName = "horse-racer";
			productReference = 556EF59C24FEE6EC0056CFCE /* horse-racer.app */;
			productType = "com.apple.product-type.application";
		};
		556EF5B124FEE6ED0056CFCE /* horse-racerTests */ = {
			isa = PBXNativeTarget;
			buildConfigurationList = 556EF5BE24FEE6ED0056CFCE /* Build configuration list for PBXNativeTarget "horse-racerTests" */;
			buildPhases = (
				556EF5AE24FEE6ED0056CFCE /* Sources */,
				556EF5AF24FEE6ED0056CFCE /* Frameworks */,
				556EF5B024FEE6ED0056CFCE /* Resources */,
			);
			buildRules = (
			);
			dependencies = (
				556EF5B424FEE6ED0056CFCE /* PBXTargetDependency */,
			);
			name = "horse-racerTests";
			productName = "horse-racerTests";
			productReference = 556EF5B224FEE6ED0056CFCE /* horse-racerTests.xctest */;
			productType = "com.apple.product-type.bundle.unit-test";
		};
/* End PBXNativeTarget section */

/* Begin PBXProject section */
		556EF59424FEE6EC0056CFCE /* Project object */ = {
			isa = PBXProject;
			attributes = {
				LastSwiftUpdateCheck = 1160;
				LastUpgradeCheck = 1160;
				ORGANIZATIONNAME = whalebeam;
				TargetAttributes = {
					556EF59B24FEE6EC0056CFCE = {
						CreatedOnToolsVersion = 11.6;
					};
					556EF5B124FEE6ED0056CFCE = {
						CreatedOnToolsVersion = 11.6;
						TestTargetID = 556EF59B24FEE6EC0056CFCE;
					};
				};
			};
			buildConfigurationList = 556EF59724FEE6EC0056CFCE /* Build configuration list for PBXProject "horse-racer" */;
			compatibilityVersion = "Xcode 9.3";
			developmentRegion = en;
			hasScannedForEncodings = 0;
			knownRegions = (
				en,
				Base,
			);
			mainGroup = 556EF59324FEE6EC0056CFCE;
			productRefGroup = 556EF59D24FEE6EC0056CFCE /* Products */;
			projectDirPath = "";
			projectRoot = "";
			targets = (
				556EF59B24FEE6EC0056CFCE /* horse-racer */,
				556EF5B124FEE6ED0056CFCE /* horse-racerTests */,
			);
		};
/* End PBXProject section */

/* Begin PBXResourcesBuildPhase section */
		556EF59A24FEE6EC0056CFCE /* Resources */ = {
			isa = PBXResourcesBuildPhase;
			buildActionMask = 2147483647;
			files = (
				556EF5AC24FEE6EC0056CFCE /* LaunchScreen.storyboard in Resources */,
				556EF5A924FEE6EC0056CFCE /* Assets.xcassets in Resources */,
			);
			runOnlyForDeploymentPostprocessing = 0;
		};
		556EF5B024FEE6ED0056CFCE /* Resources */ = {
			isa = PBXResourcesBuildPhase;
			buildActionMask = 2147483647;
			files = (
			);
			runOnlyForDeploymentPostprocessing = 0;
		};
/* End PBXResourcesBuildPhase section */

/* Begin PBXSourcesBuildPhase section */
		556EF59824FEE6EC0056CFCE /* Sources */ = {
			isa = PBXSourcesBuildPhase;
			buildActionMask = 2147483647;
			files = (
				557320F725001E560012B2B0 /* Coordinator.swift in Sources */,
				557320FB250022EA0012B2B0 /* MainCoordinator.swift in Sources */,
				55732102250035130012B2B0 /* RaceListViewController.swift in Sources */,
				556EF5A024FEE6EC0056CFCE /* AppDelegate.swift in Sources */,
				556EF5A224FEE6EC0056CFCE /* SceneDelegate.swift in Sources */,
				557320F9250022D90012B2B0 /* MainViewController.swift in Sources */,
				5573210425003AB40012B2B0 /* UIView+Extension.swift in Sources */,
				55732100250033A90012B2B0 /* RaceListCoordinator.swift in Sources */,
			);
			runOnlyForDeploymentPostprocessing = 0;
		};
		556EF5AE24FEE6ED0056CFCE /* Sources */ = {
			isa = PBXSourcesBuildPhase;
			buildActionMask = 2147483647;
			files = (
				556EF5B724FEE6ED0056CFCE /* horse_racerTests.swift in Sources */,
				5573210925003ED00012B2B0 /* MainCoordinatorTests.swift in Sources */,
				5573210B25003FF40012B2B0 /* RaceListCoordinatorTests.swift in Sources */,
			);
			runOnlyForDeploymentPostprocessing = 0;
		};
/* End PBXSourcesBuildPhase section */

/* Begin PBXTargetDependency section */
		556EF5B424FEE6ED0056CFCE /* PBXTargetDependency */ = {
			isa = PBXTargetDependency;
			target = 556EF59B24FEE6EC0056CFCE /* horse-racer */;
			targetProxy = 556EF5B324FEE6ED0056CFCE /* PBXContainerItemProxy */;
		};
/* End PBXTargetDependency section */

/* Begin PBXVariantGroup section */
		556EF5AA24FEE6EC0056CFCE /* LaunchScreen.storyboard */ = {
			isa = PBXVariantGroup;
			children = (
				556EF5AB24FEE6EC0056CFCE /* Base */,
			);
			name = LaunchScreen.storyboard;
			sourceTree = "<group>";
		};
/* End PBXVariantGroup section */

/* Begin XCBuildConfiguration section */
		556EF5B924FEE6ED0056CFCE /* Debug */ = {
			isa = XCBuildConfiguration;
			buildSettings = {
				ALWAYS_SEARCH_USER_PATHS = NO;
				CLANG_ANALYZER_NONNULL = YES;
				CLANG_ANALYZER_NUMBER_OBJECT_CONVERSION = YES_AGGRESSIVE;
				CLANG_CXX_LANGUAGE_STANDARD = "gnu++14";
				CLANG_CXX_LIBRARY = "libc++";
				CLANG_ENABLE_MODULES = YES;
				CLANG_ENABLE_OBJC_ARC = YES;
				CLANG_ENABLE_OBJC_WEAK = YES;
				CLANG_WARN_BLOCK_CAPTURE_AUTORELEASING = YES;
				CLANG_WARN_BOOL_CONVERSION = YES;
				CLANG_WARN_COMMA = YES;
				CLANG_WARN_CONSTANT_CONVERSION = YES;
				CLANG_WARN_DEPRECATED_OBJC_IMPLEMENTATIONS = YES;
				CLANG_WARN_DIRECT_OBJC_ISA_USAGE = YES_ERROR;
				CLANG_WARN_DOCUMENTATION_COMMENTS = YES;
				CLANG_WARN_EMPTY_BODY = YES;
				CLANG_WARN_ENUM_CONVERSION = YES;
				CLANG_WARN_INFINITE_RECURSION = YES;
				CLANG_WARN_INT_CONVERSION = YES;
				CLANG_WARN_NON_LITERAL_NULL_CONVERSION = YES;
				CLANG_WARN_OBJC_IMPLICIT_RETAIN_SELF = YES;
				CLANG_WARN_OBJC_LITERAL_CONVERSION = YES;
				CLANG_WARN_OBJC_ROOT_CLASS = YES_ERROR;
				CLANG_WARN_RANGE_LOOP_ANALYSIS = YES;
				CLANG_WARN_STRICT_PROTOTYPES = YES;
				CLANG_WARN_SUSPICIOUS_MOVE = YES;
				CLANG_WARN_UNGUARDED_AVAILABILITY = YES_AGGRESSIVE;
				CLANG_WARN_UNREACHABLE_CODE = YES;
				CLANG_WARN__DUPLICATE_METHOD_MATCH = YES;
				COPY_PHASE_STRIP = NO;
				DEBUG_INFORMATION_FORMAT = dwarf;
				ENABLE_STRICT_OBJC_MSGSEND = YES;
				ENABLE_TESTABILITY = YES;
				GCC_C_LANGUAGE_STANDARD = gnu11;
				GCC_DYNAMIC_NO_PIC = NO;
				GCC_NO_COMMON_BLOCKS = YES;
				GCC_OPTIMIZATION_LEVEL = 0;
				GCC_PREPROCESSOR_DEFINITIONS = (
					"DEBUG=1",
					"$(inherited)",
				);
				GCC_WARN_64_TO_32_BIT_CONVERSION = YES;
				GCC_WARN_ABOUT_RETURN_TYPE = YES_ERROR;
				GCC_WARN_UNDECLARED_SELECTOR = YES;
				GCC_WARN_UNINITIALIZED_AUTOS = YES_AGGRESSIVE;
				GCC_WARN_UNUSED_FUNCTION = YES;
				GCC_WARN_UNUSED_VARIABLE = YES;
				IPHONEOS_DEPLOYMENT_TARGET = 13.6;
				MTL_ENABLE_DEBUG_INFO = INCLUDE_SOURCE;
				MTL_FAST_MATH = YES;
				ONLY_ACTIVE_ARCH = YES;
				SDKROOT = iphoneos;
				SWIFT_ACTIVE_COMPILATION_CONDITIONS = DEBUG;
				SWIFT_OPTIMIZATION_LEVEL = "-Onone";
			};
			name = Debug;
		};
		556EF5BA24FEE6ED0056CFCE /* Release */ = {
			isa = XCBuildConfiguration;
			buildSettings = {
				ALWAYS_SEARCH_USER_PATHS = NO;
				CLANG_ANALYZER_NONNULL = YES;
				CLANG_ANALYZER_NUMBER_OBJECT_CONVERSION = YES_AGGRESSIVE;
				CLANG_CXX_LANGUAGE_STANDARD = "gnu++14";
				CLANG_CXX_LIBRARY = "libc++";
				CLANG_ENABLE_MODULES = YES;
				CLANG_ENABLE_OBJC_ARC = YES;
				CLANG_ENABLE_OBJC_WEAK = YES;
				CLANG_WARN_BLOCK_CAPTURE_AUTORELEASING = YES;
				CLANG_WARN_BOOL_CONVERSION = YES;
				CLANG_WARN_COMMA = YES;
				CLANG_WARN_CONSTANT_CONVERSION = YES;
				CLANG_WARN_DEPRECATED_OBJC_IMPLEMENTATIONS = YES;
				CLANG_WARN_DIRECT_OBJC_ISA_USAGE = YES_ERROR;
				CLANG_WARN_DOCUMENTATION_COMMENTS = YES;
				CLANG_WARN_EMPTY_BODY = YES;
				CLANG_WARN_ENUM_CONVERSION = YES;
				CLANG_WARN_INFINITE_RECURSION = YES;
				CLANG_WARN_INT_CONVERSION = YES;
				CLANG_WARN_NON_LITERAL_NULL_CONVERSION = YES;
				CLANG_WARN_OBJC_IMPLICIT_RETAIN_SELF = YES;
				CLANG_WARN_OBJC_LITERAL_CONVERSION = YES;
				CLANG_WARN_OBJC_ROOT_CLASS = YES_ERROR;
				CLANG_WARN_RANGE_LOOP_ANALYSIS = YES;
				CLANG_WARN_STRICT_PROTOTYPES = YES;
				CLANG_WARN_SUSPICIOUS_MOVE = YES;
				CLANG_WARN_UNGUARDED_AVAILABILITY = YES_AGGRESSIVE;
				CLANG_WARN_UNREACHABLE_CODE = YES;
				CLANG_WARN__DUPLICATE_METHOD_MATCH = YES;
				COPY_PHASE_STRIP = NO;
				DEBUG_INFORMATION_FORMAT = "dwarf-with-dsym";
				ENABLE_NS_ASSERTIONS = NO;
				ENABLE_STRICT_OBJC_MSGSEND = YES;
				GCC_C_LANGUAGE_STANDARD = gnu11;
				GCC_NO_COMMON_BLOCKS = YES;
				GCC_WARN_64_TO_32_BIT_CONVERSION = YES;
				GCC_WARN_ABOUT_RETURN_TYPE = YES_ERROR;
				GCC_WARN_UNDECLARED_SELECTOR = YES;
				GCC_WARN_UNINITIALIZED_AUTOS = YES_AGGRESSIVE;
				GCC_WARN_UNUSED_FUNCTION = YES;
				GCC_WARN_UNUSED_VARIABLE = YES;
				IPHONEOS_DEPLOYMENT_TARGET = 13.6;
				MTL_ENABLE_DEBUG_INFO = NO;
				MTL_FAST_MATH = YES;
				SDKROOT = iphoneos;
				SWIFT_COMPILATION_MODE = wholemodule;
				SWIFT_OPTIMIZATION_LEVEL = "-O";
				VALIDATE_PRODUCT = YES;
			};
			name = Release;
		};
		556EF5BC24FEE6ED0056CFCE /* Debug */ = {
			isa = XCBuildConfiguration;
			buildSettings = {
				ASSETCATALOG_COMPILER_APPICON_NAME = AppIcon;
				CODE_SIGN_IDENTITY = "Apple Development";
				CODE_SIGN_STYLE = Automatic;
				DEVELOPMENT_TEAM = TUTL838R74;
				INFOPLIST_FILE = "horse-racer/Info.plist";
				LD_RUNPATH_SEARCH_PATHS = (
					"$(inherited)",
					"@executable_path/Frameworks",
				);
				PRODUCT_BUNDLE_IDENTIFIER = "com.whalebeam.horse-racer";
				PRODUCT_NAME = "$(TARGET_NAME)";
				PROVISIONING_PROFILE_SPECIFIER = "";
				SWIFT_VERSION = 5.0;
				TARGETED_DEVICE_FAMILY = 1;
			};
			name = Debug;
		};
		556EF5BD24FEE6ED0056CFCE /* Release */ = {
			isa = XCBuildConfiguration;
			buildSettings = {
				ASSETCATALOG_COMPILER_APPICON_NAME = AppIcon;
				CODE_SIGN_IDENTITY = "Apple Development";
				CODE_SIGN_STYLE = Automatic;
				DEVELOPMENT_TEAM = TUTL838R74;
				INFOPLIST_FILE = "horse-racer/Info.plist";
				LD_RUNPATH_SEARCH_PATHS = (
					"$(inherited)",
					"@executable_path/Frameworks",
				);
				PRODUCT_BUNDLE_IDENTIFIER = "com.whalebeam.horse-racer";
				PRODUCT_NAME = "$(TARGET_NAME)";
				PROVISIONING_PROFILE_SPECIFIER = "";
				SWIFT_VERSION = 5.0;
				TARGETED_DEVICE_FAMILY = 1;
			};
			name = Release;
		};
		556EF5BF24FEE6ED0056CFCE /* Debug */ = {
			isa = XCBuildConfiguration;
			buildSettings = {
				ALWAYS_EMBED_SWIFT_STANDARD_LIBRARIES = YES;
				BUNDLE_LOADER = "$(TEST_HOST)";
				CODE_SIGN_STYLE = Automatic;
				INFOPLIST_FILE = "horse-racerTests/Info.plist";
				IPHONEOS_DEPLOYMENT_TARGET = 13.6;
				LD_RUNPATH_SEARCH_PATHS = (
					"$(inherited)",
					"@executable_path/Frameworks",
					"@loader_path/Frameworks",
				);
				PRODUCT_BUNDLE_IDENTIFIER = "com.whalebeam.horse-racerTests";
				PRODUCT_NAME = "$(TARGET_NAME)";
				SWIFT_VERSION = 5.0;
				TARGETED_DEVICE_FAMILY = "1,2";
				TEST_HOST = "$(BUILT_PRODUCTS_DIR)/horse-racer.app/horse-racer";
			};
			name = Debug;
		};
		556EF5C024FEE6ED0056CFCE /* Release */ = {
			isa = XCBuildConfiguration;
			buildSettings = {
				ALWAYS_EMBED_SWIFT_STANDARD_LIBRARIES = YES;
				BUNDLE_LOADER = "$(TEST_HOST)";
				CODE_SIGN_STYLE = Automatic;
				INFOPLIST_FILE = "horse-racerTests/Info.plist";
				IPHONEOS_DEPLOYMENT_TARGET = 13.6;
				LD_RUNPATH_SEARCH_PATHS = (
					"$(inherited)",
					"@executable_path/Frameworks",
					"@loader_path/Frameworks",
				);
				PRODUCT_BUNDLE_IDENTIFIER = "com.whalebeam.horse-racerTests";
				PRODUCT_NAME = "$(TARGET_NAME)";
				SWIFT_VERSION = 5.0;
				TARGETED_DEVICE_FAMILY = "1,2";
				TEST_HOST = "$(BUILT_PRODUCTS_DIR)/horse-racer.app/horse-racer";
			};
			name = Release;
		};
/* End XCBuildConfiguration section */

/* Begin XCConfigurationList section */
		556EF59724FEE6EC0056CFCE /* Build configuration list for PBXProject "horse-racer" */ = {
			isa = XCConfigurationList;
			buildConfigurations = (
				556EF5B924FEE6ED0056CFCE /* Debug */,
				556EF5BA24FEE6ED0056CFCE /* Release */,
			);
			defaultConfigurationIsVisible = 0;
			defaultConfigurationName = Release;
		};
		556EF5BB24FEE6ED0056CFCE /* Build configuration list for PBXNativeTarget "horse-racer" */ = {
			isa = XCConfigurationList;
			buildConfigurations = (
				556EF5BC24FEE6ED0056CFCE /* Debug */,
				556EF5BD24FEE6ED0056CFCE /* Release */,
			);
			defaultConfigurationIsVisible = 0;
			defaultConfigurationName = Release;
		};
		556EF5BE24FEE6ED0056CFCE /* Build configuration list for PBXNativeTarget "horse-racerTests" */ = {
			isa = XCConfigurationList;
			buildConfigurations = (
				556EF5BF24FEE6ED0056CFCE /* Debug */,
				556EF5C024FEE6ED0056CFCE /* Release */,
			);
			defaultConfigurationIsVisible = 0;
			defaultConfigurationName = Release;
		};
/* End XCConfigurationList section */
	};
	rootObject = 556EF59424FEE6EC0056CFCE /* Project object */;
}
